
Microsoft Visual Studio Solution File, Format Version 12.00
# Visual Studio 15
Project("{FAE04EC0-301F-11D3-BF4B-00C04F79EFBC}") = "Assembly-CSharp-firstpass", "Assembly-CSharp-firstpass.csproj", "{89F61080-ABC0-7236-64F5-D69A0999B9AA}"
EndProject
Project("{FAE04EC0-301F-11D3-BF4B-00C04F79EFBC}") = "Assembly-CSharp", "Assembly-CSharp.csproj", "{D21E0BB8-0C1B-A2FD-7311-AB30F6452BA6}"
EndProject
Project("{FAE04EC0-301F-11D3-BF4B-00C04F79EFBC}") = "spine-unity", "spine-unity.csproj", "{C144315B-A0C8-41DE-DD15-B0BF0F8CFC0B}"
EndProject
Project("{FAE04EC0-301F-11D3-BF4B-00C04F79EFBC}") = "CustomToolbar.Editor", "CustomToolbar.Editor.csproj", "{38E34E44-51E8-5D43-BAE9-16F2836F4AE7}"
EndProject
Project("{FAE04EC0-301F-11D3-BF4B-00C04F79EFBC}") = "Assembly-CSharp-Editor-firstpass", "Assembly-CSharp-Editor-firstpass.csproj", "{230AC7D2-D252-F210-8291-5CC875DCD5B1}"
EndProject
Project("{FAE04EC0-301F-11D3-BF4B-00C04F79EFBC}") = "spine-unity-editor", "spine-unity-editor.csproj", "{5896DF1D-303E-BC0F-1E14-B67C20A66087}"
EndProject
Project("{FAE04EC0-301F-11D3-BF4B-00C04F79EFBC}") = "Assembly-CSharp-Editor", "Assembly-CSharp-Editor.csproj", "{EAD8A5EC-B263-CA21-B4C6-60C4FEC29DDC}"
EndProject
Global
	GlobalSection(SolutionConfigurationPlatforms) = preSolution
		Debug|Any CPU = Debug|Any CPU
		Release|Any CPU = Release|Any CPU
	EndGlobalSection
	GlobalSection(ProjectConfigurationPlatforms) = postSolution
		{89F61080-ABC0-7236-64F5-D69A0999B9AA}.Debug|Any CPU.ActiveCfg = Debug|Any CPU
		{89F61080-ABC0-7236-64F5-D69A0999B9AA}.Debug|Any CPU.Build.0 = Debug|Any CPU
		{89F61080-ABC0-7236-64F5-D69A0999B9AA}.Release|Any CPU.ActiveCfg = Release|Any CPU
		{89F61080-ABC0-7236-64F5-D69A0999B9AA}.Release|Any CPU.Build.0 = Release|Any CPU
		{D21E0BB8-0C1B-A2FD-7311-AB30F6452BA6}.Debug|Any CPU.ActiveCfg = Debug|Any CPU
		{D21E0BB8-0C1B-A2FD-7311-AB30F6452BA6}.Debug|Any CPU.Build.0 = Debug|Any CPU
		{D21E0BB8-0C1B-A2FD-7311-AB30F6452BA6}.Release|Any CPU.ActiveCfg = Release|Any CPU
		{D21E0BB8-0C1B-A2FD-7311-AB30F6452BA6}.Release|Any CPU.Build.0 = Release|Any CPU
		{C144315B-A0C8-41DE-DD15-B0BF0F8CFC0B}.Debug|Any CPU.ActiveCfg = Debug|Any CPU
		{C144315B-A0C8-41DE-DD15-B0BF0F8CFC0B}.Debug|Any CPU.Build.0 = Debug|Any CPU
		{C144315B-A0C8-41DE-DD15-B0BF0F8CFC0B}.Release|Any CPU.ActiveCfg = Release|Any CPU
		{C144315B-A0C8-41DE-DD15-B0BF0F8CFC0B}.Release|Any CPU.Build.0 = Release|Any CPU
		{38E34E44-51E8-5D43-BAE9-16F2836F4AE7}.Debug|Any CPU.ActiveCfg = Debug|Any CPU
		{38E34E44-51E8-5D43-BAE9-16F2836F4AE7}.Debug|Any CPU.Build.0 = Debug|Any CPU
		{38E34E44-51E8-5D43-BAE9-16F2836F4AE7}.Release|Any CPU.ActiveCfg = Release|Any CPU
		{38E34E44-51E8-5D43-BAE9-16F2836F4AE7}.Release|Any CPU.Build.0 = Release|Any CPU
		{230AC7D2-D252-F210-8291-5CC875DCD5B1}.Debug|Any CPU.ActiveCfg = Debug|Any CPU
		{230AC7D2-D252-F210-8291-5CC875DCD5B1}.Debug|Any CPU.Build.0 = Debug|Any CPU
		{230AC7D2-D252-F210-8291-5CC875DCD5B1}.Release|Any CPU.ActiveCfg = Release|Any CPU
		{230AC7D2-D252-F210-8291-5CC875DCD5B1}.Release|Any CPU.Build.0 = Release|Any CPU
		{5896DF1D-303E-BC0F-1E14-B67C20A66087}.Debug|Any CPU.ActiveCfg = Debug|Any CPU
		{5896DF1D-303E-BC0F-1E14-B67C20A66087}.Debug|Any CPU.Build.0 = Debug|Any CPU
		{5896DF1D-303E-BC0F-1E14-B67C20A66087}.Release|Any CPU.ActiveCfg = Release|Any CPU
		{5896DF1D-303E-BC0F-1E14-B67C20A66087}.Release|Any CPU.Build.0 = Release|Any CPU
		{EAD8A5EC-B263-CA21-B4C6-60C4FEC29DDC}.Debug|Any CPU.ActiveCfg = Debug|Any CPU
		{EAD8A5EC-B263-CA21-B4C6-60C4FEC29DDC}.Debug|Any CPU.Build.0 = Debug|Any CPU
		{EAD8A5EC-B263-CA21-B4C6-60C4FEC29DDC}.Release|Any CPU.ActiveCfg = Release|Any CPU
		{EAD8A5EC-B263-CA21-B4C6-60C4FEC29DDC}.Release|Any CPU.Build.0 = Release|Any CPU
	EndGlobalSection
	GlobalSection(SolutionProperties) = preSolution
		HideSolutionNode = FALSE
	EndGlobalSection
EndGlobal
